
Microsoft Visual Studio Solution File, Format Version 12.00
# Visual Studio Version 16
VisualStudioVersion = 16.0.29613.14
MinimumVisualStudioVersion = 15.0.26124.0
Project("{2150E333-8FDC-42A3-9474-1A3956D46DE8}") = "DataAccess", "DataAccess", "{FBB00E98-B6B5-4104-8356-87CF0D03CA28}"
EndProject
Project("{9A19103F-16F7-4668-BE54-9A1E7A4F7556}") = "Repository", "src\OrderRepository\Repository.csproj", "{790203F1-F5EB-42E4-86C4-72B47F26CDB1}"
EndProject
Project("{2150E333-8FDC-42A3-9474-1A3956D46DE8}") = "Domain", "Domain", "{58AE6976-DAAD-42CE-81A7-F5508D6638DC}"
EndProject
Project("{9A19103F-16F7-4668-BE54-9A1E7A4F7556}") = "Domain", "src\eComDomain\Domain.csproj", "{052CF95D-9B92-49B8-9D51-BE8EA480D5A6}"
EndProject
Project("{2150E333-8FDC-42A3-9474-1A3956D46DE8}") = "Application", "Application", "{F3E057ED-D896-4F45-A9EA-C9729B60B5D3}"
EndProject
Project("{9A19103F-16F7-4668-BE54-9A1E7A4F7556}") = "OrderService", "src\OrderService\OrderService.csproj", "{F8E0791B-BE93-4D72-BBBD-3C14F85785E9}"
EndProject
Project("{2150E333-8FDC-42A3-9474-1A3956D46DE8}") = "Web", "Web", "{CDCA6E83-F39C-4DD8-98FB-274629AB3AA5}"
EndProject
Project("{9A19103F-16F7-4668-BE54-9A1E7A4F7556}") = "OrderApi", "src\OrderApi\OrderApi.csproj", "{30FD81D3-1DAD-45A5-AE6D-B10CD61F52EC}"
EndProject
Project("{2150E333-8FDC-42A3-9474-1A3956D46DE8}") = "Infrastructure", "Infrastructure", "{4E226B1C-AE7C-4F04-AD7A-10574CC97247}"
EndProject
Project("{9A19103F-16F7-4668-BE54-9A1E7A4F7556}") = "AutoMapperRegister", "src\AutoMapper\AutoMapperRegister.csproj", "{38888A25-6B84-4103-B879-8317E03FF07F}"
EndProject
Project("{9A19103F-16F7-4668-BE54-9A1E7A4F7556}") = "DependencyRegister", "src\DependencyRegister\DependencyRegister.csproj", "{9E087456-DD13-4A13-B116-DAE40C3F018F}"
EndProject
Project("{9A19103F-16F7-4668-BE54-9A1E7A4F7556}") = "MediatrRegister", "src\MediatrRegister\MediatrRegister.csproj", "{A96C1630-953C-4C0A-8341-3824307C88F3}"
EndProject
Project("{9A19103F-16F7-4668-BE54-9A1E7A4F7556}") = "ValidationRegister", "src\ValidationRegister\ValidationRegister.csproj", "{EE4D9566-FD70-42F3-AEC1-D395078E339A}"
EndProject
Project("{9A19103F-16F7-4668-BE54-9A1E7A4F7556}") = "CacheRegister", "src\CacheRegister\CacheRegister.csproj", "{0AD7B7C0-A88C-4279-AF14-3226581DC8F6}"
EndProject
Project("{2150E333-8FDC-42A3-9474-1A3956D46DE8}") = "Console", "Console", "{CE872330-23A9-46A0-98FD-DFF95FD54097}"
EndProject
Project("{9A19103F-16F7-4668-BE54-9A1E7A4F7556}") = "Benchmark", "src\Benchmark\Benchmark.csproj", "{67873273-6F9A-4FBD-BFD3-E8EB4167744A}"
EndProject
Project("{9A19103F-16F7-4668-BE54-9A1E7A4F7556}") = "BasicAuthentication", "src\AuthenticationAndAuthorization\BasicAuthentication.csproj", "{1F79F22B-3B9A-41B0-A274-F4E2D792F1E7}"
EndProject
Project("{9A19103F-16F7-4668-BE54-9A1E7A4F7556}") = "IdentityAuthentication", "src\IdentityAuth\IdentityAuthentication.csproj", "{18E3EDBA-CA28-4F5B-B9BD-2809C9422495}"
EndProject
Project("{9A19103F-16F7-4668-BE54-9A1E7A4F7556}") = "PolicyBasedAuthorization", "src\PolicyBasedAuthorization\PolicyBasedAuthorization.csproj", "{42F9FD45-2D8B-4365-BA77-3E75F8719C39}"
EndProject
Project("{9A19103F-16F7-4668-BE54-9A1E7A4F7556}") = "OAuthApp", "src\OAuth\OAuthApp.csproj", "{09815141-D417-4E6F-8F6E-5C1ED185F349}"
EndProject
Project("{2150E333-8FDC-42A3-9474-1A3956D46DE8}") = "OAuth", "OAuth", "{49CAF5B6-AA9D-4454-A861-C6CA2FB9BCB8}"
EndProject
Project("{FAE04EC0-301F-11D3-BF4B-00C04F79EFBC}") = "OAuthServer", "src\OAuthServer\OAuthServer.csproj", "{28C05419-FA1E-4012-B4F5-FF14356F3DB4}"
EndProject
Project("{FAE04EC0-301F-11D3-BF4B-00C04F79EFBC}") = "OAuthClient", "src\OAuthClient\OAuthClient.csproj", "{BE127B31-1412-4CC2-849D-EC02B766596F}"
EndProject
Global
	GlobalSection(SolutionConfigurationPlatforms) = preSolution
		Debug|Any CPU = Debug|Any CPU
		Release|Any CPU = Release|Any CPU
	EndGlobalSection
	GlobalSection(ProjectConfigurationPlatforms) = postSolution
		{790203F1-F5EB-42E4-86C4-72B47F26CDB1}.Debug|Any CPU.ActiveCfg = Debug|Any CPU
		{790203F1-F5EB-42E4-86C4-72B47F26CDB1}.Debug|Any CPU.Build.0 = Debug|Any CPU
		{790203F1-F5EB-42E4-86C4-72B47F26CDB1}.Release|Any CPU.ActiveCfg = Release|Any CPU
		{790203F1-F5EB-42E4-86C4-72B47F26CDB1}.Release|Any CPU.Build.0 = Release|Any CPU
		{052CF95D-9B92-49B8-9D51-BE8EA480D5A6}.Debug|Any CPU.ActiveCfg = Debug|Any CPU
		{052CF95D-9B92-49B8-9D51-BE8EA480D5A6}.Debug|Any CPU.Build.0 = Debug|Any CPU
		{052CF95D-9B92-49B8-9D51-BE8EA480D5A6}.Release|Any CPU.ActiveCfg = Release|Any CPU
		{052CF95D-9B92-49B8-9D51-BE8EA480D5A6}.Release|Any CPU.Build.0 = Release|Any CPU
		{F8E0791B-BE93-4D72-BBBD-3C14F85785E9}.Debug|Any CPU.ActiveCfg = Debug|Any CPU
		{F8E0791B-BE93-4D72-BBBD-3C14F85785E9}.Debug|Any CPU.Build.0 = Debug|Any CPU
		{F8E0791B-BE93-4D72-BBBD-3C14F85785E9}.Release|Any CPU.ActiveCfg = Release|Any CPU
		{F8E0791B-BE93-4D72-BBBD-3C14F85785E9}.Release|Any CPU.Build.0 = Release|Any CPU
		{30FD81D3-1DAD-45A5-AE6D-B10CD61F52EC}.Debug|Any CPU.ActiveCfg = Debug|Any CPU
		{30FD81D3-1DAD-45A5-AE6D-B10CD61F52EC}.Debug|Any CPU.Build.0 = Debug|Any CPU
		{30FD81D3-1DAD-45A5-AE6D-B10CD61F52EC}.Release|Any CPU.ActiveCfg = Release|Any CPU
		{30FD81D3-1DAD-45A5-AE6D-B10CD61F52EC}.Release|Any CPU.Build.0 = Release|Any CPU
		{38888A25-6B84-4103-B879-8317E03FF07F}.Debug|Any CPU.ActiveCfg = Debug|Any CPU
		{38888A25-6B84-4103-B879-8317E03FF07F}.Debug|Any CPU.Build.0 = Debug|Any CPU
		{38888A25-6B84-4103-B879-8317E03FF07F}.Release|Any CPU.ActiveCfg = Release|Any CPU
		{38888A25-6B84-4103-B879-8317E03FF07F}.Release|Any CPU.Build.0 = Release|Any CPU
		{9E087456-DD13-4A13-B116-DAE40C3F018F}.Debug|Any CPU.ActiveCfg = Debug|Any CPU
		{9E087456-DD13-4A13-B116-DAE40C3F018F}.Debug|Any CPU.Build.0 = Debug|Any CPU
		{9E087456-DD13-4A13-B116-DAE40C3F018F}.Release|Any CPU.ActiveCfg = Release|Any CPU
		{9E087456-DD13-4A13-B116-DAE40C3F018F}.Release|Any CPU.Build.0 = Release|Any CPU
		{A96C1630-953C-4C0A-8341-3824307C88F3}.Debug|Any CPU.ActiveCfg = Debug|Any CPU
		{A96C1630-953C-4C0A-8341-3824307C88F3}.Debug|Any CPU.Build.0 = Debug|Any CPU
		{A96C1630-953C-4C0A-8341-3824307C88F3}.Release|Any CPU.ActiveCfg = Release|Any CPU
		{A96C1630-953C-4C0A-8341-3824307C88F3}.Release|Any CPU.Build.0 = Release|Any CPU
		{EE4D9566-FD70-42F3-AEC1-D395078E339A}.Debug|Any CPU.ActiveCfg = Debug|Any CPU
		{EE4D9566-FD70-42F3-AEC1-D395078E339A}.Debug|Any CPU.Build.0 = Debug|Any CPU
		{EE4D9566-FD70-42F3-AEC1-D395078E339A}.Release|Any CPU.ActiveCfg = Release|Any CPU
		{EE4D9566-FD70-42F3-AEC1-D395078E339A}.Release|Any CPU.Build.0 = Release|Any CPU
		{0AD7B7C0-A88C-4279-AF14-3226581DC8F6}.Debug|Any CPU.ActiveCfg = Debug|Any CPU
		{0AD7B7C0-A88C-4279-AF14-3226581DC8F6}.Debug|Any CPU.Build.0 = Debug|Any CPU
		{0AD7B7C0-A88C-4279-AF14-3226581DC8F6}.Release|Any CPU.ActiveCfg = Release|Any CPU
		{0AD7B7C0-A88C-4279-AF14-3226581DC8F6}.Release|Any CPU.Build.0 = Release|Any CPU
		{67873273-6F9A-4FBD-BFD3-E8EB4167744A}.Debug|Any CPU.ActiveCfg = Debug|Any CPU
		{67873273-6F9A-4FBD-BFD3-E8EB4167744A}.Debug|Any CPU.Build.0 = Debug|Any CPU
		{67873273-6F9A-4FBD-BFD3-E8EB4167744A}.Release|Any CPU.ActiveCfg = Release|Any CPU
		{67873273-6F9A-4FBD-BFD3-E8EB4167744A}.Release|Any CPU.Build.0 = Release|Any CPU
		{1F79F22B-3B9A-41B0-A274-F4E2D792F1E7}.Debug|Any CPU.ActiveCfg = Debug|Any CPU
		{1F79F22B-3B9A-41B0-A274-F4E2D792F1E7}.Debug|Any CPU.Build.0 = Debug|Any CPU
		{1F79F22B-3B9A-41B0-A274-F4E2D792F1E7}.Release|Any CPU.ActiveCfg = Release|Any CPU
		{1F79F22B-3B9A-41B0-A274-F4E2D792F1E7}.Release|Any CPU.Build.0 = Release|Any CPU
		{18E3EDBA-CA28-4F5B-B9BD-2809C9422495}.Debug|Any CPU.ActiveCfg = Debug|Any CPU
		{18E3EDBA-CA28-4F5B-B9BD-2809C9422495}.Debug|Any CPU.Build.0 = Debug|Any CPU
		{18E3EDBA-CA28-4F5B-B9BD-2809C9422495}.Release|Any CPU.ActiveCfg = Release|Any CPU
		{18E3EDBA-CA28-4F5B-B9BD-2809C9422495}.Release|Any CPU.Build.0 = Release|Any CPU
		{42F9FD45-2D8B-4365-BA77-3E75F8719C39}.Debug|Any CPU.ActiveCfg = Debug|Any CPU
		{42F9FD45-2D8B-4365-BA77-3E75F8719C39}.Debug|Any CPU.Build.0 = Debug|Any CPU
		{42F9FD45-2D8B-4365-BA77-3E75F8719C39}.Release|Any CPU.ActiveCfg = Release|Any CPU
		{42F9FD45-2D8B-4365-BA77-3E75F8719C39}.Release|Any CPU.Build.0 = Release|Any CPU
		{09815141-D417-4E6F-8F6E-5C1ED185F349}.Debug|Any CPU.ActiveCfg = Debug|Any CPU
		{09815141-D417-4E6F-8F6E-5C1ED185F349}.Debug|Any CPU.Build.0 = Debug|Any CPU
		{09815141-D417-4E6F-8F6E-5C1ED185F349}.Release|Any CPU.ActiveCfg = Release|Any CPU
		{09815141-D417-4E6F-8F6E-5C1ED185F349}.Release|Any CPU.Build.0 = Release|Any CPU
		{28C05419-FA1E-4012-B4F5-FF14356F3DB4}.Debug|Any CPU.ActiveCfg = Debug|Any CPU
		{28C05419-FA1E-4012-B4F5-FF14356F3DB4}.Debug|Any CPU.Build.0 = Debug|Any CPU
		{28C05419-FA1E-4012-B4F5-FF14356F3DB4}.Release|Any CPU.ActiveCfg = Release|Any CPU
		{28C05419-FA1E-4012-B4F5-FF14356F3DB4}.Release|Any CPU.Build.0 = Release|Any CPU
		{BE127B31-1412-4CC2-849D-EC02B766596F}.Debug|Any CPU.ActiveCfg = Debug|Any CPU
		{BE127B31-1412-4CC2-849D-EC02B766596F}.Debug|Any CPU.Build.0 = Debug|Any CPU
		{BE127B31-1412-4CC2-849D-EC02B766596F}.Release|Any CPU.ActiveCfg = Release|Any CPU
		{BE127B31-1412-4CC2-849D-EC02B766596F}.Release|Any CPU.Build.0 = Release|Any CPU
	EndGlobalSection
	GlobalSection(SolutionProperties) = preSolution
		HideSolutionNode = FALSE
	EndGlobalSection
	GlobalSection(NestedProjects) = preSolution
		{790203F1-F5EB-42E4-86C4-72B47F26CDB1} = {FBB00E98-B6B5-4104-8356-87CF0D03CA28}
		{052CF95D-9B92-49B8-9D51-BE8EA480D5A6} = {58AE6976-DAAD-42CE-81A7-F5508D6638DC}
		{F8E0791B-BE93-4D72-BBBD-3C14F85785E9} = {F3E057ED-D896-4F45-A9EA-C9729B60B5D3}
		{30FD81D3-1DAD-45A5-AE6D-B10CD61F52EC} = {CDCA6E83-F39C-4DD8-98FB-274629AB3AA5}
		{38888A25-6B84-4103-B879-8317E03FF07F} = {4E226B1C-AE7C-4F04-AD7A-10574CC97247}
		{9E087456-DD13-4A13-B116-DAE40C3F018F} = {4E226B1C-AE7C-4F04-AD7A-10574CC97247}
		{A96C1630-953C-4C0A-8341-3824307C88F3} = {4E226B1C-AE7C-4F04-AD7A-10574CC97247}
		{EE4D9566-FD70-42F3-AEC1-D395078E339A} = {4E226B1C-AE7C-4F04-AD7A-10574CC97247}
		{0AD7B7C0-A88C-4279-AF14-3226581DC8F6} = {4E226B1C-AE7C-4F04-AD7A-10574CC97247}
		{67873273-6F9A-4FBD-BFD3-E8EB4167744A} = {CE872330-23A9-46A0-98FD-DFF95FD54097}
		{1F79F22B-3B9A-41B0-A274-F4E2D792F1E7} = {CDCA6E83-F39C-4DD8-98FB-274629AB3AA5}
		{18E3EDBA-CA28-4F5B-B9BD-2809C9422495} = {CDCA6E83-F39C-4DD8-98FB-274629AB3AA5}
		{42F9FD45-2D8B-4365-BA77-3E75F8719C39} = {CDCA6E83-F39C-4DD8-98FB-274629AB3AA5}
		{09815141-D417-4E6F-8F6E-5C1ED185F349} = {49CAF5B6-AA9D-4454-A861-C6CA2FB9BCB8}
		{49CAF5B6-AA9D-4454-A861-C6CA2FB9BCB8} = {CDCA6E83-F39C-4DD8-98FB-274629AB3AA5}
		{28C05419-FA1E-4012-B4F5-FF14356F3DB4} = {49CAF5B6-AA9D-4454-A861-C6CA2FB9BCB8}
		{BE127B31-1412-4CC2-849D-EC02B766596F} = {49CAF5B6-AA9D-4454-A861-C6CA2FB9BCB8}
	EndGlobalSection
	GlobalSection(ExtensibilityGlobals) = postSolution
		SolutionGuid = {8B520D83-9084-4940-97F3-B313F785B971}
	EndGlobalSection
EndGlobal
