
Microsoft Visual Studio Solution File, Format Version 12.00
# Visual Studio Version 16
VisualStudioVersion = 16.0.29613.14
MinimumVisualStudioVersion = 15.0.26124.0
Project("{2150E333-8FDC-42A3-9474-1A3956D46DE8}") = "DataAccess", "DataAccess", "{FBB00E98-B6B5-4104-8356-87CF0D03CA28}"
EndProject
Project("{9A19103F-16F7-4668-BE54-9A1E7A4F7556}") = "Repository", "src\OrderRepository\Repository.csproj", "{790203F1-F5EB-42E4-86C4-72B47F26CDB1}"
EndProject
Project("{2150E333-8FDC-42A3-9474-1A3956D46DE8}") = "Domain", "Domain", "{58AE6976-DAAD-42CE-81A7-F5508D6638DC}"
EndProject
Project("{9A19103F-16F7-4668-BE54-9A1E7A4F7556}") = "Domain", "src\eComDomain\Domain.csproj", "{052CF95D-9B92-49B8-9D51-BE8EA480D5A6}"
EndProject
Project("{2150E333-8FDC-42A3-9474-1A3956D46DE8}") = "Application", "Application", "{F3E057ED-D896-4F45-A9EA-C9729B60B5D3}"
EndProject
Project("{9A19103F-16F7-4668-BE54-9A1E7A4F7556}") = "OrderService", "src\OrderService\OrderService.csproj", "{F8E0791B-BE93-4D72-BBBD-3C14F85785E9}"
EndProject
Project("{2150E333-8FDC-42A3-9474-1A3956D46DE8}") = "Web", "Web", "{CDCA6E83-F39C-4DD8-98FB-274629AB3AA5}"
EndProject
Project("{9A19103F-16F7-4668-BE54-9A1E7A4F7556}") = "OrderApi", "src\OrderApi\OrderApi.csproj", "{30FD81D3-1DAD-45A5-AE6D-B10CD61F52EC}"
EndProject
Project("{2150E333-8FDC-42A3-9474-1A3956D46DE8}") = "Infrastructure", "Infrastructure", "{4E226B1C-AE7C-4F04-AD7A-10574CC97247}"
EndProject
Project("{9A19103F-16F7-4668-BE54-9A1E7A4F7556}") = "AutoMapperRegister", "src\AutoMapper\AutoMapperRegister.csproj", "{38888A25-6B84-4103-B879-8317E03FF07F}"
EndProject
Project("{9A19103F-16F7-4668-BE54-9A1E7A4F7556}") = "DependencyRegister", "src\DependencyRegister\DependencyRegister.csproj", "{9E087456-DD13-4A13-B116-DAE40C3F018F}"
EndProject
Project("{9A19103F-16F7-4668-BE54-9A1E7A4F7556}") = "MediatrRegister", "src\MediatrRegister\MediatrRegister.csproj", "{A96C1630-953C-4C0A-8341-3824307C88F3}"
EndProject
Project("{9A19103F-16F7-4668-BE54-9A1E7A4F7556}") = "ValidationRegister", "src\ValidationRegister\ValidationRegister.csproj", "{EE4D9566-FD70-42F3-AEC1-D395078E339A}"
EndProject
Project("{9A19103F-16F7-4668-BE54-9A1E7A4F7556}") = "CacheRegister", "src\CacheRegister\CacheRegister.csproj", "{0AD7B7C0-A88C-4279-AF14-3226581DC8F6}"
EndProject
Project("{2150E333-8FDC-42A3-9474-1A3956D46DE8}") = "Console", "Console", "{CE872330-23A9-46A0-98FD-DFF95FD54097}"
EndProject
Project("{9A19103F-16F7-4668-BE54-9A1E7A4F7556}") = "Benchmark", "src\Benchmark\Benchmark.csproj", "{67873273-6F9A-4FBD-BFD3-E8EB4167744A}"
EndProject
Project("{9A19103F-16F7-4668-BE54-9A1E7A4F7556}") = "WebClient", "src\WebClient\WebClient.csproj", "{51F1B131-6300-4BAE-821E-5FAF4F440DF1}"
EndProject
Project("{FAE04EC0-301F-11D3-BF4B-00C04F79EFBC}") = "SwaggerRegister", "src\SecurityRegister\SwaggerRegister.csproj", "{0929198A-C2EA-429F-92AA-8C714DEE6BBA}"
EndProject
Project("{FAE04EC0-301F-11D3-BF4B-00C04F79EFBC}") = "IdentityServer", "src\IdentityServer\IdentityServer.csproj", "{C1E83AA3-1E24-4AD6-9F2B-2BE766EF0527}"
EndProject
Global
	GlobalSection(SolutionConfigurationPlatforms) = preSolution
		Debug|Any CPU = Debug|Any CPU
		Release|Any CPU = Release|Any CPU
	EndGlobalSection
	GlobalSection(ProjectConfigurationPlatforms) = postSolution
		{790203F1-F5EB-42E4-86C4-72B47F26CDB1}.Debug|Any CPU.ActiveCfg = Debug|Any CPU
		{790203F1-F5EB-42E4-86C4-72B47F26CDB1}.Debug|Any CPU.Build.0 = Debug|Any CPU
		{790203F1-F5EB-42E4-86C4-72B47F26CDB1}.Release|Any CPU.ActiveCfg = Release|Any CPU
		{790203F1-F5EB-42E4-86C4-72B47F26CDB1}.Release|Any CPU.Build.0 = Release|Any CPU
		{052CF95D-9B92-49B8-9D51-BE8EA480D5A6}.Debug|Any CPU.ActiveCfg = Debug|Any CPU
		{052CF95D-9B92-49B8-9D51-BE8EA480D5A6}.Debug|Any CPU.Build.0 = Debug|Any CPU
		{052CF95D-9B92-49B8-9D51-BE8EA480D5A6}.Release|Any CPU.ActiveCfg = Release|Any CPU
		{052CF95D-9B92-49B8-9D51-BE8EA480D5A6}.Release|Any CPU.Build.0 = Release|Any CPU
		{F8E0791B-BE93-4D72-BBBD-3C14F85785E9}.Debug|Any CPU.ActiveCfg = Debug|Any CPU
		{F8E0791B-BE93-4D72-BBBD-3C14F85785E9}.Debug|Any CPU.Build.0 = Debug|Any CPU
		{F8E0791B-BE93-4D72-BBBD-3C14F85785E9}.Release|Any CPU.ActiveCfg = Release|Any CPU
		{F8E0791B-BE93-4D72-BBBD-3C14F85785E9}.Release|Any CPU.Build.0 = Release|Any CPU
		{30FD81D3-1DAD-45A5-AE6D-B10CD61F52EC}.Debug|Any CPU.ActiveCfg = Debug|Any CPU
		{30FD81D3-1DAD-45A5-AE6D-B10CD61F52EC}.Debug|Any CPU.Build.0 = Debug|Any CPU
		{30FD81D3-1DAD-45A5-AE6D-B10CD61F52EC}.Release|Any CPU.ActiveCfg = Release|Any CPU
		{30FD81D3-1DAD-45A5-AE6D-B10CD61F52EC}.Release|Any CPU.Build.0 = Release|Any CPU
		{38888A25-6B84-4103-B879-8317E03FF07F}.Debug|Any CPU.ActiveCfg = Debug|Any CPU
		{38888A25-6B84-4103-B879-8317E03FF07F}.Debug|Any CPU.Build.0 = Debug|Any CPU
		{38888A25-6B84-4103-B879-8317E03FF07F}.Release|Any CPU.ActiveCfg = Release|Any CPU
		{38888A25-6B84-4103-B879-8317E03FF07F}.Release|Any CPU.Build.0 = Release|Any CPU
		{9E087456-DD13-4A13-B116-DAE40C3F018F}.Debug|Any CPU.ActiveCfg = Debug|Any CPU
		{9E087456-DD13-4A13-B116-DAE40C3F018F}.Debug|Any CPU.Build.0 = Debug|Any CPU
		{9E087456-DD13-4A13-B116-DAE40C3F018F}.Release|Any CPU.ActiveCfg = Release|Any CPU
		{9E087456-DD13-4A13-B116-DAE40C3F018F}.Release|Any CPU.Build.0 = Release|Any CPU
		{A96C1630-953C-4C0A-8341-3824307C88F3}.Debug|Any CPU.ActiveCfg = Debug|Any CPU
		{A96C1630-953C-4C0A-8341-3824307C88F3}.Debug|Any CPU.Build.0 = Debug|Any CPU
		{A96C1630-953C-4C0A-8341-3824307C88F3}.Release|Any CPU.ActiveCfg = Release|Any CPU
		{A96C1630-953C-4C0A-8341-3824307C88F3}.Release|Any CPU.Build.0 = Release|Any CPU
		{EE4D9566-FD70-42F3-AEC1-D395078E339A}.Debug|Any CPU.ActiveCfg = Debug|Any CPU
		{EE4D9566-FD70-42F3-AEC1-D395078E339A}.Debug|Any CPU.Build.0 = Debug|Any CPU
		{EE4D9566-FD70-42F3-AEC1-D395078E339A}.Release|Any CPU.ActiveCfg = Release|Any CPU
		{EE4D9566-FD70-42F3-AEC1-D395078E339A}.Release|Any CPU.Build.0 = Release|Any CPU
		{0AD7B7C0-A88C-4279-AF14-3226581DC8F6}.Debug|Any CPU.ActiveCfg = Debug|Any CPU
		{0AD7B7C0-A88C-4279-AF14-3226581DC8F6}.Debug|Any CPU.Build.0 = Debug|Any CPU
		{0AD7B7C0-A88C-4279-AF14-3226581DC8F6}.Release|Any CPU.ActiveCfg = Release|Any CPU
		{0AD7B7C0-A88C-4279-AF14-3226581DC8F6}.Release|Any CPU.Build.0 = Release|Any CPU
		{67873273-6F9A-4FBD-BFD3-E8EB4167744A}.Debug|Any CPU.ActiveCfg = Debug|Any CPU
		{67873273-6F9A-4FBD-BFD3-E8EB4167744A}.Debug|Any CPU.Build.0 = Debug|Any CPU
		{67873273-6F9A-4FBD-BFD3-E8EB4167744A}.Release|Any CPU.ActiveCfg = Release|Any CPU
		{67873273-6F9A-4FBD-BFD3-E8EB4167744A}.Release|Any CPU.Build.0 = Release|Any CPU
		{51F1B131-6300-4BAE-821E-5FAF4F440DF1}.Debug|Any CPU.ActiveCfg = Debug|Any CPU
		{51F1B131-6300-4BAE-821E-5FAF4F440DF1}.Debug|Any CPU.Build.0 = Debug|Any CPU
		{51F1B131-6300-4BAE-821E-5FAF4F440DF1}.Release|Any CPU.ActiveCfg = Release|Any CPU
		{51F1B131-6300-4BAE-821E-5FAF4F440DF1}.Release|Any CPU.Build.0 = Release|Any CPU
		{0929198A-C2EA-429F-92AA-8C714DEE6BBA}.Debug|Any CPU.ActiveCfg = Debug|Any CPU
		{0929198A-C2EA-429F-92AA-8C714DEE6BBA}.Debug|Any CPU.Build.0 = Debug|Any CPU
		{0929198A-C2EA-429F-92AA-8C714DEE6BBA}.Release|Any CPU.ActiveCfg = Release|Any CPU
		{0929198A-C2EA-429F-92AA-8C714DEE6BBA}.Release|Any CPU.Build.0 = Release|Any CPU
		{C1E83AA3-1E24-4AD6-9F2B-2BE766EF0527}.Debug|Any CPU.ActiveCfg = Debug|Any CPU
		{C1E83AA3-1E24-4AD6-9F2B-2BE766EF0527}.Debug|Any CPU.Build.0 = Debug|Any CPU
		{C1E83AA3-1E24-4AD6-9F2B-2BE766EF0527}.Release|Any CPU.ActiveCfg = Release|Any CPU
		{C1E83AA3-1E24-4AD6-9F2B-2BE766EF0527}.Release|Any CPU.Build.0 = Release|Any CPU
	EndGlobalSection
	GlobalSection(SolutionProperties) = preSolution
		HideSolutionNode = FALSE
	EndGlobalSection
	GlobalSection(NestedProjects) = preSolution
		{790203F1-F5EB-42E4-86C4-72B47F26CDB1} = {FBB00E98-B6B5-4104-8356-87CF0D03CA28}
		{052CF95D-9B92-49B8-9D51-BE8EA480D5A6} = {58AE6976-DAAD-42CE-81A7-F5508D6638DC}
		{F8E0791B-BE93-4D72-BBBD-3C14F85785E9} = {F3E057ED-D896-4F45-A9EA-C9729B60B5D3}
		{30FD81D3-1DAD-45A5-AE6D-B10CD61F52EC} = {CDCA6E83-F39C-4DD8-98FB-274629AB3AA5}
		{38888A25-6B84-4103-B879-8317E03FF07F} = {4E226B1C-AE7C-4F04-AD7A-10574CC97247}
		{9E087456-DD13-4A13-B116-DAE40C3F018F} = {4E226B1C-AE7C-4F04-AD7A-10574CC97247}
		{A96C1630-953C-4C0A-8341-3824307C88F3} = {4E226B1C-AE7C-4F04-AD7A-10574CC97247}
		{EE4D9566-FD70-42F3-AEC1-D395078E339A} = {4E226B1C-AE7C-4F04-AD7A-10574CC97247}
		{0AD7B7C0-A88C-4279-AF14-3226581DC8F6} = {4E226B1C-AE7C-4F04-AD7A-10574CC97247}
		{67873273-6F9A-4FBD-BFD3-E8EB4167744A} = {CE872330-23A9-46A0-98FD-DFF95FD54097}
		{51F1B131-6300-4BAE-821E-5FAF4F440DF1} = {CDCA6E83-F39C-4DD8-98FB-274629AB3AA5}
		{0929198A-C2EA-429F-92AA-8C714DEE6BBA} = {4E226B1C-AE7C-4F04-AD7A-10574CC97247}
		{C1E83AA3-1E24-4AD6-9F2B-2BE766EF0527} = {CDCA6E83-F39C-4DD8-98FB-274629AB3AA5}
	EndGlobalSection
	GlobalSection(ExtensibilityGlobals) = postSolution
		SolutionGuid = {8B520D83-9084-4940-97F3-B313F785B971}
	EndGlobalSection
EndGlobal
